
Microsoft Visual Studio Solution File, Format Version 12.00
# Visual Studio 15
VisualStudioVersion = 15.0.28307.421
MinimumVisualStudioVersion = 10.0.40219.1
Project("{FAE04EC0-301F-11D3-BF4B-00C04F79EFBC}") = "Eleve", "Eleve\Eleve.csproj", "{73464C5A-D051-4875-B3BC-82816D7DBA8E}"
EndProject
Project("{FAE04EC0-301F-11D3-BF4B-00C04F79EFBC}") = "EleveSample", "EleveSample\EleveSample.csproj", "{AF675EB1-6564-42A1-A04A-97236DFA8A39}"
EndProject
Project("{FAE04EC0-301F-11D3-BF4B-00C04F79EFBC}") = "Eleve.ProjectTemplate", "Eleve.ProjectTemplate\Eleve.ProjectTemplate.csproj", "{D155CAF1-DE3A-4BCB-93EA-CADA6B50DDAF}"
EndProject
Project("{FAE04EC0-301F-11D3-BF4B-00C04F79EFBC}") = "Eleve.ViewModelTemplate", "Eleve.ViewModelTemplate\Eleve.ViewModelTemplate.csproj", "{1134FC1C-BD48-4F0E-9899-7B2F9E3313FB}"
EndProject
Project("{FAE04EC0-301F-11D3-BF4B-00C04F79EFBC}") = "Eleve.ActionTemplate", "Eleve.ActionTemplate\Eleve.ActionTemplate.csproj", "{FC5FD105-5B21-41DA-9AE5-EF45616CA173}"
EndProject
Project("{FAE04EC0-301F-11D3-BF4B-00C04F79EFBC}") = "Eleve.ViewTemplate", "Eleve.ViewTemplate\Eleve.ViewTemplate.csproj", "{5603D62B-6FB1-4776-9BA9-0BEB7796CA19}"
EndProject
Project("{FAE04EC0-301F-11D3-BF4B-00C04F79EFBC}") = "EleveProjectTemplate", "EleveProjectTemplate\EleveProjectTemplate.csproj", "{1E3EA269-D450-4742-B45C-5E9C649D5BBA}"
EndProject
Global
	GlobalSection(SolutionConfigurationPlatforms) = preSolution
		Debug|Any CPU = Debug|Any CPU
		Release|Any CPU = Release|Any CPU
	EndGlobalSection
	GlobalSection(ProjectConfigurationPlatforms) = postSolution
		{73464C5A-D051-4875-B3BC-82816D7DBA8E}.Debug|Any CPU.ActiveCfg = Debug|Any CPU
		{73464C5A-D051-4875-B3BC-82816D7DBA8E}.Debug|Any CPU.Build.0 = Debug|Any CPU
		{73464C5A-D051-4875-B3BC-82816D7DBA8E}.Release|Any CPU.ActiveCfg = Release|Any CPU
		{73464C5A-D051-4875-B3BC-82816D7DBA8E}.Release|Any CPU.Build.0 = Release|Any CPU
		{AF675EB1-6564-42A1-A04A-97236DFA8A39}.Debug|Any CPU.ActiveCfg = Debug|Any CPU
		{AF675EB1-6564-42A1-A04A-97236DFA8A39}.Debug|Any CPU.Build.0 = Debug|Any CPU
		{AF675EB1-6564-42A1-A04A-97236DFA8A39}.Release|Any CPU.ActiveCfg = Release|Any CPU
		{AF675EB1-6564-42A1-A04A-97236DFA8A39}.Release|Any CPU.Build.0 = Release|Any CPU
		{D155CAF1-DE3A-4BCB-93EA-CADA6B50DDAF}.Debug|Any CPU.ActiveCfg = Debug|Any CPU
		{D155CAF1-DE3A-4BCB-93EA-CADA6B50DDAF}.Debug|Any CPU.Build.0 = Debug|Any CPU
		{D155CAF1-DE3A-4BCB-93EA-CADA6B50DDAF}.Release|Any CPU.ActiveCfg = Release|Any CPU
		{D155CAF1-DE3A-4BCB-93EA-CADA6B50DDAF}.Release|Any CPU.Build.0 = Release|Any CPU
		{1134FC1C-BD48-4F0E-9899-7B2F9E3313FB}.Debug|Any CPU.ActiveCfg = Debug|Any CPU
		{1134FC1C-BD48-4F0E-9899-7B2F9E3313FB}.Debug|Any CPU.Build.0 = Debug|Any CPU
		{1134FC1C-BD48-4F0E-9899-7B2F9E3313FB}.Release|Any CPU.ActiveCfg = Release|Any CPU
		{1134FC1C-BD48-4F0E-9899-7B2F9E3313FB}.Release|Any CPU.Build.0 = Release|Any CPU
		{FC5FD105-5B21-41DA-9AE5-EF45616CA173}.Debug|Any CPU.ActiveCfg = Debug|Any CPU
		{FC5FD105-5B21-41DA-9AE5-EF45616CA173}.Debug|Any CPU.Build.0 = Debug|Any CPU
		{FC5FD105-5B21-41DA-9AE5-EF45616CA173}.Release|Any CPU.ActiveCfg = Release|Any CPU
		{FC5FD105-5B21-41DA-9AE5-EF45616CA173}.Release|Any CPU.Build.0 = Release|Any CPU
		{5603D62B-6FB1-4776-9BA9-0BEB7796CA19}.Debug|Any CPU.ActiveCfg = Debug|Any CPU
		{5603D62B-6FB1-4776-9BA9-0BEB7796CA19}.Debug|Any CPU.Build.0 = Debug|Any CPU
		{5603D62B-6FB1-4776-9BA9-0BEB7796CA19}.Release|Any CPU.ActiveCfg = Release|Any CPU
		{5603D62B-6FB1-4776-9BA9-0BEB7796CA19}.Release|Any CPU.Build.0 = Release|Any CPU
		{1E3EA269-D450-4742-B45C-5E9C649D5BBA}.Debug|Any CPU.ActiveCfg = Debug|Any CPU
		{1E3EA269-D450-4742-B45C-5E9C649D5BBA}.Debug|Any CPU.Build.0 = Debug|Any CPU
		{1E3EA269-D450-4742-B45C-5E9C649D5BBA}.Release|Any CPU.ActiveCfg = Release|Any CPU
		{1E3EA269-D450-4742-B45C-5E9C649D5BBA}.Release|Any CPU.Build.0 = Release|Any CPU
	EndGlobalSection
	GlobalSection(SolutionProperties) = preSolution
		HideSolutionNode = FALSE
	EndGlobalSection
	GlobalSection(ExtensibilityGlobals) = postSolution
		SolutionGuid = {A9120F7B-5750-4BC1-B96C-382D0F30F525}
	EndGlobalSection
EndGlobal
