
Microsoft Visual Studio Solution File, Format Version 12.00
# Visual Studio 15
VisualStudioVersion = 15.0.28307.421
MinimumVisualStudioVersion = 10.0.40219.1
Project("{FAE04EC0-301F-11D3-BF4B-00C04F79EFBC}") = "Eleve", "Eleve\Eleve.csproj", "{73464C5A-D051-4875-B3BC-82816D7DBA8E}"
EndProject
Project("{FAE04EC0-301F-11D3-BF4B-00C04F79EFBC}") = "EleveSample", "EleveSample\EleveSample.csproj", "{AF675EB1-6564-42A1-A04A-97236DFA8A39}"
EndProject
Project("{FAE04EC0-301F-11D3-BF4B-00C04F79EFBC}") = "EleveProjectTemplate", "EleveProjectTemplate\EleveProjectTemplate.csproj", "{1E3EA269-D450-4742-B45C-5E9C649D5BBA}"
EndProject
Project("{FAE04EC0-301F-11D3-BF4B-00C04F79EFBC}") = "Eleve.Extensibility", "Eleve.Extensibility\Eleve.Extensibility.csproj", "{881BEF30-0A47-4F51-911E-CD4A403A9754}"
EndProject
Project("{FAE04EC0-301F-11D3-BF4B-00C04F79EFBC}") = "Eleve.Test", "Eleve.Test\Eleve.Test.csproj", "{A8AF9AC4-F8EB-4D92-A1A9-70AE74E5CC24}"
EndProject
Project("{FAE04EC0-301F-11D3-BF4B-00C04F79EFBC}") = "EleveSample.Test", "EleveSample.Test\EleveSample.Test.csproj", "{1EC95027-C7D6-495F-8F44-06BF641D94B1}"
EndProject
Global
	GlobalSection(SolutionConfigurationPlatforms) = preSolution
		Debug|Any CPU = Debug|Any CPU
		Release|Any CPU = Release|Any CPU
	EndGlobalSection
	GlobalSection(ProjectConfigurationPlatforms) = postSolution
		{73464C5A-D051-4875-B3BC-82816D7DBA8E}.Debug|Any CPU.ActiveCfg = Debug|Any CPU
		{73464C5A-D051-4875-B3BC-82816D7DBA8E}.Debug|Any CPU.Build.0 = Debug|Any CPU
		{73464C5A-D051-4875-B3BC-82816D7DBA8E}.Release|Any CPU.ActiveCfg = Release|Any CPU
		{73464C5A-D051-4875-B3BC-82816D7DBA8E}.Release|Any CPU.Build.0 = Release|Any CPU
		{AF675EB1-6564-42A1-A04A-97236DFA8A39}.Debug|Any CPU.ActiveCfg = Debug|Any CPU
		{AF675EB1-6564-42A1-A04A-97236DFA8A39}.Debug|Any CPU.Build.0 = Debug|Any CPU
		{AF675EB1-6564-42A1-A04A-97236DFA8A39}.Release|Any CPU.ActiveCfg = Release|Any CPU
		{AF675EB1-6564-42A1-A04A-97236DFA8A39}.Release|Any CPU.Build.0 = Release|Any CPU
		{1E3EA269-D450-4742-B45C-5E9C649D5BBA}.Debug|Any CPU.ActiveCfg = Debug|Any CPU
		{1E3EA269-D450-4742-B45C-5E9C649D5BBA}.Debug|Any CPU.Build.0 = Debug|Any CPU
		{1E3EA269-D450-4742-B45C-5E9C649D5BBA}.Release|Any CPU.ActiveCfg = Release|Any CPU
		{1E3EA269-D450-4742-B45C-5E9C649D5BBA}.Release|Any CPU.Build.0 = Release|Any CPU
		{881BEF30-0A47-4F51-911E-CD4A403A9754}.Debug|Any CPU.ActiveCfg = Debug|Any CPU
		{881BEF30-0A47-4F51-911E-CD4A403A9754}.Debug|Any CPU.Build.0 = Debug|Any CPU
		{881BEF30-0A47-4F51-911E-CD4A403A9754}.Release|Any CPU.ActiveCfg = Release|Any CPU
		{881BEF30-0A47-4F51-911E-CD4A403A9754}.Release|Any CPU.Build.0 = Release|Any CPU
		{A8AF9AC4-F8EB-4D92-A1A9-70AE74E5CC24}.Debug|Any CPU.ActiveCfg = Debug|Any CPU
		{A8AF9AC4-F8EB-4D92-A1A9-70AE74E5CC24}.Debug|Any CPU.Build.0 = Debug|Any CPU
		{A8AF9AC4-F8EB-4D92-A1A9-70AE74E5CC24}.Release|Any CPU.ActiveCfg = Release|Any CPU
		{A8AF9AC4-F8EB-4D92-A1A9-70AE74E5CC24}.Release|Any CPU.Build.0 = Release|Any CPU
		{1EC95027-C7D6-495F-8F44-06BF641D94B1}.Debug|Any CPU.ActiveCfg = Debug|Any CPU
		{1EC95027-C7D6-495F-8F44-06BF641D94B1}.Debug|Any CPU.Build.0 = Debug|Any CPU
		{1EC95027-C7D6-495F-8F44-06BF641D94B1}.Release|Any CPU.ActiveCfg = Release|Any CPU
		{1EC95027-C7D6-495F-8F44-06BF641D94B1}.Release|Any CPU.Build.0 = Release|Any CPU
	EndGlobalSection
	GlobalSection(SolutionProperties) = preSolution
		HideSolutionNode = FALSE
	EndGlobalSection
	GlobalSection(ExtensibilityGlobals) = postSolution
		SolutionGuid = {A9120F7B-5750-4BC1-B96C-382D0F30F525}
	EndGlobalSection
EndGlobal
